// !$*UTF8*$!
{
	archiveVersion = 1;
	classes = {
	};
	objectVersion = 77;
	objects = {

/* Begin PBXContainerItemProxy section */
		30663E4B300825C7005AD312 /* PBXContainerItemProxy */ = {
			isa = PBXContainerItemProxy;
			containerPortal = 30663E35300825C5005AD312 /* Project object */;
			proxyType = 1;
			remoteGlobalIDString = 30663E3C300825C5005AD312;
			remoteInfo = "Rogers-Event Assignment";
		};
		30663E55300825C7005AD312 /* PBXContainerItemProxy */ = {
			isa = PBXContainerItemProxy;
			containerPortal = 30663E35300825C5005AD312 /* Project object */;
			proxyType = 1;
			remoteGlobalIDString = 30663E3C300825C5005AD312;
			remoteInfo = "Rogers-Event Assignment";
		};
/* End PBXContainerItemProxy section */

/* Begin PBXFileReference section */
		30663E3D300825C5005AD312 /* Rogers-Event Assignment.app */ = {isa = PBXFileReference; explicitFileType = wrapper.application; includeInIndex = 0; path = "Rogers-Event Assignment.app"; sourceTree = BUILT_PRODUCTS_DIR; };
		30663E4A300825C7005AD312 /* Rogers-Event AssignmentTests.xctest */ = {isa = PBXFileReference; explicitFileType = wrapper.cfbundle; includeInIndex = 0; path = "Rogers-Event AssignmentTests.xctest"; sourceTree = BUILT_PRODUCTS_DIR; };
		30663E54300825C7005AD312 /* Rogers-Event AssignmentUITests.xctest */ = {isa = PBXFileReference; explicitFileType = wrapper.cfbundle; includeInIndex = 0; path = "Rogers-Event AssignmentUITests.xctest"; sourceTree = BUILT_PRODUCTS_DIR; };
/* End PBXFileReference section */

/* Begin PBXFileSystemSynchronizedRootGroup section */
		30663E3F300825C5005AD312 /* Rogers-Event Assignment */ = {
			isa = PBXFileSystemSynchronizedRootGroup;
			path = "Rogers-Event Assignment";
			sourceTree = "<group>";
		};
		30663E4D300825C7005AD312 /* Rogers-Event AssignmentTests */ = {
			isa = PBXFileSystemSynchronizedRootGroup;
			path = "Rogers-Event AssignmentTests";
			sourceTree = "<group>";
		};
		30663E57300825C7005AD312 /* Rogers-Event AssignmentUITests */ = {
			isa = PBXFileSystemSynchronizedRootGroup;
			path = "Rogers-Event AssignmentUITests";
			sourceTree = "<group>";
		};
/* End PBXFileSystemSynchronizedRootGroup section */

/* Begin PBXFrameworksBuildPhase section */
		30663E3A300825C5005AD312 /* Frameworks */ = {
			isa = PBXFrameworksBuildPhase;
			buildActionMask = 2147483647;
			files = (
			);
			runOnlyForDeploymentPostprocessing = 0;
		};
		30663E47300825C7005AD312 /* Frameworks */ = {
			isa = PBXFrameworksBuildPhase;
			buildActionMask = 2147483647;
			files = (
			);
			runOnlyForDeploymentPostprocessing = 0;
		};
		30663E51300825C7005AD312 /* Frameworks */ = {
			isa = PBXFrameworksBuildPhase;
			buildActionMask = 2147483647;
			files = (
			);
			runOnlyForDeploymentPostprocessing = 0;
		};
/* End PBXFrameworksBuildPhase section */

/* Begin PBXGroup section */
		30663E34300825C5005AD312 = {
			isa = PBXGroup;
			children = (
				30663E3F300825C5005AD312 /* Rogers-Event Assignment */,
				30663E4D300825C7005AD312 /* Rogers-Event AssignmentTests */,
				30663E57300825C7005AD312 /* Rogers-Event AssignmentUITests */,
				30663E3E300825C5005AD312 /* Products */,
			);
			sourceTree = "<group>";
		};
		30663E3E300825C5005AD312 /* Products */ = {
			isa = PBXGroup;
			children = (
				30663E3D300825C5005AD312 /* Rogers-Event Assignment.app */,
				30663E4A300825C7005AD312 /* Rogers-Event AssignmentTests.xctest */,
				30663E54300825C7005AD312 /* Rogers-Event AssignmentUITests.xctest */,
			);
			name = Products;
			sourceTree = "<group>";
		};
/* End PBXGroup section */

/* Begin PBXNativeTarget section */
		30663E3C300825C5005AD312 /* Rogers-Event Assignment */ = {
			isa = PBXNativeTarget;
			buildConfigurationList = 30663E5E300825C7005AD312 /* Build configuration list for PBXNativeTarget "Rogers-Event Assignment" */;
			buildPhases = (
				295FB445C7D048F3AC306F97 /* Run SwiftLint */,
				30663E39300825C5005AD312 /* Sources */,
				30663E3A300825C5005AD312 /* Frameworks */,
				30663E3B300825C5005AD312 /* Resources */,
			);
			buildRules = (
			);
			dependencies = (
			);
			fileSystemSynchronizedGroups = (
				30663E3F300825C5005AD312 /* Rogers-Event Assignment */,
			);
			name = "Rogers-Event Assignment";
			packageProductDependencies = (
			);
			productName = "Rogers-Event Assignment";
			productReference = 30663E3D300825C5005AD312 /* Rogers-Event Assignment.app */;
			productType = "com.apple.product-type.application";
		};
		30663E49300825C7005AD312 /* Rogers-Event AssignmentTests */ = {
			isa = PBXNativeTarget;
			buildConfigurationList = 30663E61300825C7005AD312 /* Build configuration list for PBXNativeTarget "Rogers-Event AssignmentTests" */;
			buildPhases = (
				30663E46300825C7005AD312 /* Sources */,
				30663E47300825C7005AD312 /* Frameworks */,
				30663E48300825C7005AD312 /* Resources */,
			);
			buildRules = (
			);
			dependencies = (
				30663E4C300825C7005AD312 /* PBXTargetDependency */,
			);
			fileSystemSynchronizedGroups = (
				30663E4D300825C7005AD312 /* Rogers-Event AssignmentTests */,
			);
			name = "Rogers-Event AssignmentTests";
			packageProductDependencies = (
			);
			productName = "Rogers-Event AssignmentTests";
			productReference = 30663E4A300825C7005AD312 /* Rogers-Event AssignmentTests.xctest */;
			productType = "com.apple.product-type.bundle.unit-test";
		};
		30663E53300825C7005AD312 /* Rogers-Event AssignmentUITests */ = {
			isa = PBXNativeTarget;
			buildConfigurationList = 30663E64300825C7005AD312 /* Build configuration list for PBXNativeTarget "Rogers-Event AssignmentUITests" */;
			buildPhases = (
				30663E50300825C7005AD312 /* Sources */,
				30663E51300825C7005AD312 /* Frameworks */,
				30663E52300825C7005AD312 /* Resources */,
			);
			buildRules = (
			);
			dependencies = (
				30663E56300825C7005AD312 /* PBXTargetDependency */,
			);
			fileSystemSynchronizedGroups = (
				30663E57300825C7005AD312 /* Rogers-Event AssignmentUITests */,
			);
			name = "Rogers-Event AssignmentUITests";
			packageProductDependencies = (
			);
			productName = "Rogers-Event AssignmentUITests";
			productReference = 30663E54300825C7005AD312 /* Rogers-Event AssignmentUITests.xctest */;
			productType = "com.apple.product-type.bundle.ui-testing";
		};
/* End PBXNativeTarget section */

/* Begin PBXProject section */
		30663E35300825C5005AD312 /* Project object */ = {
			isa = PBXProject;
			attributes = {
				BuildIndependentTargetsInParallel = 1;
				LastSwiftUpdateCheck = 2630;
				LastUpgradeCheck = 2630;
				TargetAttributes = {
					30663E3C300825C5005AD312 = {
						CreatedOnToolsVersion = 26.3;
					};
					30663E49300825C7005AD312 = {
						CreatedOnToolsVersion = 26.3;
						TestTargetID = 30663E3C300825C5005AD312;
					};
					30663E53300825C7005AD312 = {
						CreatedOnToolsVersion = 26.3;
						TestTargetID = 30663E3C300825C5005AD312;
					};
				};
			};
			buildConfigurationList = 30663E38300825C5005AD312 /* Build configuration list for PBXProject "Rogers-Event Assignment" */;
			developmentRegion = en;
			hasScannedForEncodings = 0;
			knownRegions = (
				en,
				Base,
			);
			mainGroup = 30663E34300825C5005AD312;
			minimizedProjectReferenceProxies = 1;
			preferredProjectObjectVersion = 77;
			productRefGroup = 30663E3E300825C5005AD312 /* Products */;
			projectDirPath = "";
			projectRoot = "";
			targets = (
				30663E3C300825C5005AD312 /* Rogers-Event Assignment */,
				30663E49300825C7005AD312 /* Rogers-Event AssignmentTests */,
				30663E53300825C7005AD312 /* Rogers-Event AssignmentUITests */,
			);
		};
/* End PBXProject section */

/* Begin PBXResourcesBuildPhase section */
		30663E3B300825C5005AD312 /* Resources */ = {
			isa = PBXResourcesBuildPhase;
			buildActionMask = 2147483647;
			files = (
			);
			runOnlyForDeploymentPostprocessing = 0;
		};
		30663E48300825C7005AD312 /* Resources */ = {
			isa = PBXResourcesBuildPhase;
			buildActionMask = 2147483647;
			files = (
			);
			runOnlyForDeploymentPostprocessing = 0;
		};
		30663E52300825C7005AD312 /* Resources */ = {
			isa = PBXResourcesBuildPhase;
			buildActionMask = 2147483647;
			files = (
			);
			runOnlyForDeploymentPostprocessing = 0;
		};
/* End PBXResourcesBuildPhase section */

/* Begin PBXShellScriptBuildPhase section */
		295FB445C7D048F3AC306F97 /* Run SwiftLint */ = {
			isa = PBXShellScriptBuildPhase;
			alwaysOutOfDate = 1;
			buildActionMask = 2147483647;
			files = (
			);
			inputFileListPaths = (
			);
			inputPaths = (
			);
			name = "Run SwiftLint";
			outputFileListPaths = (
			);
			outputPaths = (
			);
			runOnlyForDeploymentPostprocessing = 0;
			shellPath = /bin/sh;
			shellScript = "# SwiftLint is a developer-time tool only — not linked into the app,\n# not a runtime dependency. Build succeeds with a warning if it's absent.\n# Xcode's Run Script phases don't source the user's shell profile, so\n# Homebrew's install location isn't on PATH by default here even though it\n# is in a normal terminal — check both Apple Silicon and Intel locations\n# explicitly before giving up.\nexport PATH=\"$PATH:/opt/homebrew/bin:/usr/local/bin\"\nif command -v swiftlint >/dev/null 2>&1; then\n  swiftlint\nelse\n  echo \"warning: SwiftLint not installed. Install with 'brew install swiftlint' to lint on build.\"\nfi\n";
		};
/* End PBXShellScriptBuildPhase section */

/* Begin PBXSourcesBuildPhase section */
		30663E39300825C5005AD312 /* Sources */ = {
			isa = PBXSourcesBuildPhase;
			buildActionMask = 2147483647;
			files = (
			);
			runOnlyForDeploymentPostprocessing = 0;
		};
		30663E46300825C7005AD312 /* Sources */ = {
			isa = PBXSourcesBuildPhase;
			buildActionMask = 2147483647;
			files = (
			);
			runOnlyForDeploymentPostprocessing = 0;
		};
		30663E50300825C7005AD312 /* Sources */ = {
			isa = PBXSourcesBuildPhase;
			buildActionMask = 2147483647;
			files = (
			);
			runOnlyForDeploymentPostprocessing = 0;
		};
/* End PBXSourcesBuildPhase section */

/* Begin PBXTargetDependency section */
		30663E4C300825C7005AD312 /* PBXTargetDependency */ = {
			isa = PBXTargetDependency;
			target = 30663E3C300825C5005AD312 /* Rogers-Event Assignment */;
			targetProxy = 30663E4B300825C7005AD312 /* PBXContainerItemProxy */;
		};
		30663E56300825C7005AD312 /* PBXTargetDependency */ = {
			isa = PBXTargetDependency;
			target = 30663E3C300825C5005AD312 /* Rogers-Event Assignment */;
			targetProxy = 30663E55300825C7005AD312 /* PBXContainerItemProxy */;
		};
/* End PBXTargetDependency section */

/* Begin XCBuildConfiguration section */
		30663E5C300825C7005AD312 /* Debug */ = {
			isa = XCBuildConfiguration;
			buildSettings = {
				ALWAYS_SEARCH_USER_PATHS = NO;
				ASSETCATALOG_COMPILER_GENERATE_SWIFT_ASSET_SYMBOL_EXTENSIONS = YES;
				CLANG_ANALYZER_NONNULL = YES;
				CLANG_ANALYZER_NUMBER_OBJECT_CONVERSION = YES_AGGRESSIVE;
				CLANG_CXX_LANGUAGE_STANDARD = "gnu++20";
				CLANG_ENABLE_MODULES = YES;
				CLANG_ENABLE_OBJC_ARC = YES;
				CLANG_ENABLE_OBJC_WEAK = YES;
				CLANG_WARN_BLOCK_CAPTURE_AUTORELEASING = YES;
				CLANG_WARN_BOOL_CONVERSION = YES;
				CLANG_WARN_COMMA = YES;
				CLANG_WARN_CONSTANT_CONVERSION = YES;
				CLANG_WARN_DEPRECATED_OBJC_IMPLEMENTATIONS = YES;
				CLANG_WARN_DIRECT_OBJC_ISA_USAGE = YES_ERROR;
				CLANG_WARN_DOCUMENTATION_COMMENTS = YES;
				CLANG_WARN_EMPTY_BODY = YES;
				CLANG_WARN_ENUM_CONVERSION = YES;
				CLANG_WARN_INFINITE_RECURSION = YES;
				CLANG_WARN_INT_CONVERSION = YES;
				CLANG_WARN_NON_LITERAL_NULL_CONVERSION = YES;
				CLANG_WARN_OBJC_IMPLICIT_RETAIN_SELF = YES;
				CLANG_WARN_OBJC_LITERAL_CONVERSION = YES;
				CLANG_WARN_OBJC_ROOT_CLASS = YES_ERROR;
				CLANG_WARN_QUOTED_INCLUDE_IN_FRAMEWORK_HEADER = YES;
				CLANG_WARN_RANGE_LOOP_ANALYSIS = YES;
				CLANG_WARN_STRICT_PROTOTYPES = YES;
				CLANG_WARN_SUSPICIOUS_MOVE = YES;
				CLANG_WARN_UNGUARDED_AVAILABILITY = YES_AGGRESSIVE;
				CLANG_WARN_UNREACHABLE_CODE = YES;
				CLANG_WARN__DUPLICATE_METHOD_MATCH = YES;
				COPY_PHASE_STRIP = NO;
				DEBUG_INFORMATION_FORMAT = dwarf;
				DEVELOPMENT_TEAM = LABXKFNJ8A;
				ENABLE_STRICT_OBJC_MSGSEND = YES;
				ENABLE_TESTABILITY = YES;
				ENABLE_USER_SCRIPT_SANDBOXING = YES;
				GCC_C_LANGUAGE_STANDARD = gnu17;
				GCC_DYNAMIC_NO_PIC = NO;
				GCC_NO_COMMON_BLOCKS = YES;
				GCC_OPTIMIZATION_LEVEL = 0;
				GCC_PREPROCESSOR_DEFINITIONS = (
					"DEBUG=1",
					"$(inherited)",
				);
				GCC_WARN_64_TO_32_BIT_CONVERSION = YES;
				GCC_WARN_ABOUT_RETURN_TYPE = YES_ERROR;
				GCC_WARN_UNDECLARED_SELECTOR = YES;
				GCC_WARN_UNINITIALIZED_AUTOS = YES_AGGRESSIVE;
				GCC_WARN_UNUSED_FUNCTION = YES;
				GCC_WARN_UNUSED_VARIABLE = YES;
				IPHONEOS_DEPLOYMENT_TARGET = 26.2;
				LOCALIZATION_PREFERS_STRING_CATALOGS = YES;
				MTL_ENABLE_DEBUG_INFO = INCLUDE_SOURCE;
				MTL_FAST_MATH = YES;
				ONLY_ACTIVE_ARCH = YES;
				SDKROOT = iphoneos;
				SWIFT_ACTIVE_COMPILATION_CONDITIONS = "DEBUG $(inherited)";
				SWIFT_OPTIMIZATION_LEVEL = "-Onone";
			};
			name = Debug;
		};
		30663E5D300825C7005AD312 /* Release */ = {
			isa = XCBuildConfiguration;
			buildSettings = {
				ALWAYS_SEARCH_USER_PATHS = NO;
				ASSETCATALOG_COMPILER_GENERATE_SWIFT_ASSET_SYMBOL_EXTENSIONS = YES;
				CLANG_ANALYZER_NONNULL = YES;
				CLANG_ANALYZER_NUMBER_OBJECT_CONVERSION = YES_AGGRESSIVE;
				CLANG_CXX_LANGUAGE_STANDARD = "gnu++20";
				CLANG_ENABLE_MODULES = YES;
				CLANG_ENABLE_OBJC_ARC = YES;
				CLANG_ENABLE_OBJC_WEAK = YES;
				CLANG_WARN_BLOCK_CAPTURE_AUTORELEASING = YES;
				CLANG_WARN_BOOL_CONVERSION = YES;
				CLANG_WARN_COMMA = YES;
				CLANG_WARN_CONSTANT_CONVERSION = YES;
				CLANG_WARN_DEPRECATED_OBJC_IMPLEMENTATIONS = YES;
				CLANG_WARN_DIRECT_OBJC_ISA_USAGE = YES_ERROR;
				CLANG_WARN_DOCUMENTATION_COMMENTS = YES;
				CLANG_WARN_EMPTY_BODY = YES;
				CLANG_WARN_ENUM_CONVERSION = YES;
				CLANG_WARN_INFINITE_RECURSION = YES;
				CLANG_WARN_INT_CONVERSION = YES;
				CLANG_WARN_NON_LITERAL_NULL_CONVERSION = YES;
				CLANG_WARN_OBJC_IMPLICIT_RETAIN_SELF = YES;
				CLANG_WARN_OBJC_LITERAL_CONVERSION = YES;
				CLANG_WARN_OBJC_ROOT_CLASS = YES_ERROR;
				CLANG_WARN_QUOTED_INCLUDE_IN_FRAMEWORK_HEADER = YES;
				CLANG_WARN_RANGE_LOOP_ANALYSIS = YES;
				CLANG_WARN_STRICT_PROTOTYPES = YES;
				CLANG_WARN_SUSPICIOUS_MOVE = YES;
				CLANG_WARN_UNGUARDED_AVAILABILITY = YES_AGGRESSIVE;
				CLANG_WARN_UNREACHABLE_CODE = YES;
				CLANG_WARN__DUPLICATE_METHOD_MATCH = YES;
				COPY_PHASE_STRIP = NO;
				DEBUG_INFORMATION_FORMAT = "dwarf-with-dsym";
				DEVELOPMENT_TEAM = LABXKFNJ8A;
				ENABLE_NS_ASSERTIONS = NO;
				ENABLE_STRICT_OBJC_MSGSEND = YES;
				ENABLE_USER_SCRIPT_SANDBOXING = YES;
				GCC_C_LANGUAGE_STANDARD = gnu17;
				GCC_NO_COMMON_BLOCKS = YES;
				GCC_WARN_64_TO_32_BIT_CONVERSION = YES;
				GCC_WARN_ABOUT_RETURN_TYPE = YES_ERROR;
				GCC_WARN_UNDECLARED_SELECTOR = YES;
				GCC_WARN_UNINITIALIZED_AUTOS = YES_AGGRESSIVE;
				GCC_WARN_UNUSED_FUNCTION = YES;
				GCC_WARN_UNUSED_VARIABLE = YES;
				IPHONEOS_DEPLOYMENT_TARGET = 26.2;
				LOCALIZATION_PREFERS_STRING_CATALOGS = YES;
				MTL_ENABLE_DEBUG_INFO = NO;
				MTL_FAST_MATH = YES;
				SDKROOT = iphoneos;
				SWIFT_COMPILATION_MODE = wholemodule;
				VALIDATE_PRODUCT = YES;
			};
			name = Release;
		};
		30663E5F300825C7005AD312 /* Debug */ = {
			isa = XCBuildConfiguration;
			buildSettings = {
				ASSETCATALOG_COMPILER_APPICON_NAME = AppIcon;
				ASSETCATALOG_COMPILER_GLOBAL_ACCENT_COLOR_NAME = AccentColor;
				CODE_SIGN_STYLE = Automatic;
				CURRENT_PROJECT_VERSION = 1;
				DEVELOPMENT_TEAM = LABXKFNJ8A;
				ENABLE_PREVIEWS = YES;
				ENABLE_USER_SCRIPT_SANDBOXING = NO;
				GENERATE_INFOPLIST_FILE = NO;
				INFOPLIST_FILE = Info.plist;
				LD_RUNPATH_SEARCH_PATHS = (
					"$(inherited)",
					"@executable_path/Frameworks",
				);
				MARKETING_VERSION = 1.0;
				PRODUCT_BUNDLE_IDENTIFIER = "ca.cybermedia.Rogers-Event-Assignment";
				PRODUCT_NAME = "$(TARGET_NAME)";
				STRING_CATALOG_GENERATE_SYMBOLS = YES;
				SWIFT_APPROACHABLE_CONCURRENCY = YES;
				SWIFT_DEFAULT_ACTOR_ISOLATION = nonisolated;
				SWIFT_EMIT_LOC_STRINGS = YES;
				SWIFT_UPCOMING_FEATURE_MEMBER_IMPORT_VISIBILITY = YES;
				SWIFT_VERSION = 5.0;
				TARGETED_DEVICE_FAMILY = "1,2";
			};
			name = Debug;
		};
		30663E60300825C7005AD312 /* Release */ = {
			isa = XCBuildConfiguration;
			buildSettings = {
				ASSETCATALOG_COMPILER_APPICON_NAME = AppIcon;
				ASSETCATALOG_COMPILER_GLOBAL_ACCENT_COLOR_NAME = AccentColor;
				CODE_SIGN_STYLE = Automatic;
				CURRENT_PROJECT_VERSION = 1;
				DEVELOPMENT_TEAM = LABXKFNJ8A;
				ENABLE_PREVIEWS = YES;
				ENABLE_USER_SCRIPT_SANDBOXING = NO;
				GENERATE_INFOPLIST_FILE = NO;
				INFOPLIST_FILE = Info.plist;
				LD_RUNPATH_SEARCH_PATHS = (
					"$(inherited)",
					"@executable_path/Frameworks",
				);
				MARKETING_VERSION = 1.0;
				PRODUCT_BUNDLE_IDENTIFIER = "ca.cybermedia.Rogers-Event-Assignment";
				PRODUCT_NAME = "$(TARGET_NAME)";
				STRING_CATALOG_GENERATE_SYMBOLS = YES;
				SWIFT_APPROACHABLE_CONCURRENCY = YES;
				SWIFT_DEFAULT_ACTOR_ISOLATION = nonisolated;
				SWIFT_EMIT_LOC_STRINGS = YES;
				SWIFT_UPCOMING_FEATURE_MEMBER_IMPORT_VISIBILITY = YES;
				SWIFT_VERSION = 5.0;
				TARGETED_DEVICE_FAMILY = "1,2";
			};
			name = Release;
		};
		30663E62300825C7005AD312 /* Debug */ = {
			isa = XCBuildConfiguration;
			buildSettings = {
				BUNDLE_LOADER = "$(TEST_HOST)";
				CODE_SIGN_STYLE = Automatic;
				CURRENT_PROJECT_VERSION = 1;
				DEVELOPMENT_TEAM = LABXKFNJ8A;
				GENERATE_INFOPLIST_FILE = YES;
				IPHONEOS_DEPLOYMENT_TARGET = 26.2;
				MARKETING_VERSION = 1.0;
				PRODUCT_BUNDLE_IDENTIFIER = "ca.cybermedia.Rogers-Event-AssignmentTests";
				PRODUCT_NAME = "$(TARGET_NAME)";
				STRING_CATALOG_GENERATE_SYMBOLS = NO;
				SWIFT_APPROACHABLE_CONCURRENCY = YES;
				SWIFT_EMIT_LOC_STRINGS = NO;
				SWIFT_UPCOMING_FEATURE_MEMBER_IMPORT_VISIBILITY = YES;
				SWIFT_VERSION = 5.0;
				TARGETED_DEVICE_FAMILY = "1,2";
				TEST_HOST = "$(BUILT_PRODUCTS_DIR)/Rogers-Event Assignment.app/$(BUNDLE_EXECUTABLE_FOLDER_PATH)/Rogers-Event Assignment";
			};
			name = Debug;
		};
		30663E63300825C7005AD312 /* Release */ = {
			isa = XCBuildConfiguration;
			buildSettings = {
				BUNDLE_LOADER = "$(TEST_HOST)";
				CODE_SIGN_STYLE = Automatic;
				CURRENT_PROJECT_VERSION = 1;
				DEVELOPMENT_TEAM = LABXKFNJ8A;
				GENERATE_INFOPLIST_FILE = YES;
				IPHONEOS_DEPLOYMENT_TARGET = 26.2;
				MARKETING_VERSION = 1.0;
				PRODUCT_BUNDLE_IDENTIFIER = "ca.cybermedia.Rogers-Event-AssignmentTests";
				PRODUCT_NAME = "$(TARGET_NAME)";
				STRING_CATALOG_GENERATE_SYMBOLS = NO;
				SWIFT_APPROACHABLE_CONCURRENCY = YES;
				SWIFT_EMIT_LOC_STRINGS = NO;
				SWIFT_UPCOMING_FEATURE_MEMBER_IMPORT_VISIBILITY = YES;
				SWIFT_VERSION = 5.0;
				TARGETED_DEVICE_FAMILY = "1,2";
				TEST_HOST = "$(BUILT_PRODUCTS_DIR)/Rogers-Event Assignment.app/$(BUNDLE_EXECUTABLE_FOLDER_PATH)/Rogers-Event Assignment";
			};
			name = Release;
		};
		30663E65300825C7005AD312 /* Debug */ = {
			isa = XCBuildConfiguration;
			buildSettings = {
				CODE_SIGN_STYLE = Automatic;
				CURRENT_PROJECT_VERSION = 1;
				DEVELOPMENT_TEAM = LABXKFNJ8A;
				GENERATE_INFOPLIST_FILE = YES;
				MARKETING_VERSION = 1.0;
				PRODUCT_BUNDLE_IDENTIFIER = "ca.cybermedia.Rogers-Event-AssignmentUITests";
				PRODUCT_NAME = "$(TARGET_NAME)";
				STRING_CATALOG_GENERATE_SYMBOLS = NO;
				SWIFT_APPROACHABLE_CONCURRENCY = YES;
				SWIFT_EMIT_LOC_STRINGS = NO;
				SWIFT_UPCOMING_FEATURE_MEMBER_IMPORT_VISIBILITY = YES;
				SWIFT_VERSION = 5.0;
				TARGETED_DEVICE_FAMILY = "1,2";
				TEST_TARGET_NAME = "Rogers-Event Assignment";
			};
			name = Debug;
		};
		30663E66300825C7005AD312 /* Release */ = {
			isa = XCBuildConfiguration;
			buildSettings = {
				CODE_SIGN_STYLE = Automatic;
				CURRENT_PROJECT_VERSION = 1;
				DEVELOPMENT_TEAM = LABXKFNJ8A;
				GENERATE_INFOPLIST_FILE = YES;
				MARKETING_VERSION = 1.0;
				PRODUCT_BUNDLE_IDENTIFIER = "ca.cybermedia.Rogers-Event-AssignmentUITests";
				PRODUCT_NAME = "$(TARGET_NAME)";
				STRING_CATALOG_GENERATE_SYMBOLS = NO;
				SWIFT_APPROACHABLE_CONCURRENCY = YES;
				SWIFT_EMIT_LOC_STRINGS = NO;
				SWIFT_UPCOMING_FEATURE_MEMBER_IMPORT_VISIBILITY = YES;
				SWIFT_VERSION = 5.0;
				TARGETED_DEVICE_FAMILY = "1,2";
				TEST_TARGET_NAME = "Rogers-Event Assignment";
			};
			name = Release;
		};
/* End XCBuildConfiguration section */

/* Begin XCConfigurationList section */
		30663E38300825C5005AD312 /* Build configuration list for PBXProject "Rogers-Event Assignment" */ = {
			isa = XCConfigurationList;
			buildConfigurations = (
				30663E5C300825C7005AD312 /* Debug */,
				30663E5D300825C7005AD312 /* Release */,
			);
			defaultConfigurationIsVisible = 0;
			defaultConfigurationName = Release;
		};
		30663E5E300825C7005AD312 /* Build configuration list for PBXNativeTarget "Rogers-Event Assignment" */ = {
			isa = XCConfigurationList;
			buildConfigurations = (
				30663E5F300825C7005AD312 /* Debug */,
				30663E60300825C7005AD312 /* Release */,
			);
			defaultConfigurationIsVisible = 0;
			defaultConfigurationName = Release;
		};
		30663E61300825C7005AD312 /* Build configuration list for PBXNativeTarget "Rogers-Event AssignmentTests" */ = {
			isa = XCConfigurationList;
			buildConfigurations = (
				30663E62300825C7005AD312 /* Debug */,
				30663E63300825C7005AD312 /* Release */,
			);
			defaultConfigurationIsVisible = 0;
			defaultConfigurationName = Release;
		};
		30663E64300825C7005AD312 /* Build configuration list for PBXNativeTarget "Rogers-Event AssignmentUITests" */ = {
			isa = XCConfigurationList;
			buildConfigurations = (
				30663E65300825C7005AD312 /* Debug */,
				30663E66300825C7005AD312 /* Release */,
			);
			defaultConfigurationIsVisible = 0;
			defaultConfigurationName = Release;
		};
/* End XCConfigurationList section */
	};
	rootObject = 30663E35300825C5005AD312 /* Project object */;
}
